
Microsoft Visual Studio Solution File, Format Version 12.00
# Visual Studio Version 16
VisualStudioVersion = 16.0.28803.452
MinimumVisualStudioVersion = 10.0.40219.1
Project("{9A19103F-16F7-4668-BE54-9A1E7A4F7556}") = "CalcMvcWeb", "CalcMvcWeb\CalcMvcWeb.csproj", "{C239DD94-9225-4DB3-92B7-03100ED62ED2}"
EndProject
Project("{9A19103F-16F7-4668-BE54-9A1E7A4F7556}") = "CalcMvcWeb.Tests", "test\CalcMvcWeb.Tests\CalcMvcWeb.Tests.csproj", "{96CD306F-DF11-41E5-B022-6A0761350882}"
EndProject
Global
	GlobalSection(SolutionConfigurationPlatforms) = preSolution
		Debug|Any CPU = Debug|Any CPU
		Release|Any CPU = Release|Any CPU
	EndGlobalSection
	GlobalSection(ProjectConfigurationPlatforms) = postSolution
		{C239DD94-9225-4DB3-92B7-03100ED62ED2}.Debug|Any CPU.ActiveCfg = Debug|Any CPU
		{C239DD94-9225-4DB3-92B7-03100ED62ED2}.Debug|Any CPU.Build.0 = Debug|Any CPU
		{C239DD94-9225-4DB3-92B7-03100ED62ED2}.Release|Any CPU.ActiveCfg = Release|Any CPU
		{C239DD94-9225-4DB3-92B7-03100ED62ED2}.Release|Any CPU.Build.0 = Release|Any CPU
		{96CD306F-DF11-41E5-B022-6A0761350882}.Debug|Any CPU.ActiveCfg = Debug|Any CPU
		{96CD306F-DF11-41E5-B022-6A0761350882}.Debug|Any CPU.Build.0 = Debug|Any CPU
		{96CD306F-DF11-41E5-B022-6A0761350882}.Release|Any CPU.ActiveCfg = Release|Any CPU
		{96CD306F-DF11-41E5-B022-6A0761350882}.Release|Any CPU.Build.0 = Release|Any CPU
	EndGlobalSection
	GlobalSection(SolutionProperties) = preSolution
		HideSolutionNode = FALSE
	EndGlobalSection
	GlobalSection(ExtensibilityGlobals) = postSolution
		SolutionGuid = {B91F71EF-01C4-4AE9-BF37-B1C27E794380}
	EndGlobalSection
EndGlobal
